Microsoft Visual Studio Solution File, Format Version 12.00
# Visual Studio 15
Project("{8BC9CEB8-8B4A-11D0-8D11-00A0C91BC942}") = "ALL_BUILD", "ALL_BUILD.vcxproj", "{AF8529B7-D0F8-31C6-B0EA-C009A8ADDE13}"
	ProjectSection(ProjectDependencies) = postProject
		{28B912A3-7C5F-3DB5-BB17-03FC19C34003} = {28B912A3-7C5F-3DB5-BB17-03FC19C34003}
		{BB080AB3-316A-332B-9017-AECFBAD7A0DE} = {BB080AB3-316A-332B-9017-AECFBAD7A0DE}
		{C46EEBF0-1113-3B41-95C7-68CDFE6B2DC6} = {C46EEBF0-1113-3B41-95C7-68CDFE6B2DC6}
	EndProjectSection
EndProject
Project("{8BC9CEB8-8B4A-11D0-8D11-00A0C91BC942}") = "Emulator", "EmulatorSolar\Emulator.vcxproj", "{28B912A3-7C5F-3DB5-BB17-03FC19C34003}"
	ProjectSection(ProjectDependencies) = postProject
		{BB080AB3-316A-332B-9017-AECFBAD7A0DE} = {BB080AB3-316A-332B-9017-AECFBAD7A0DE}
		{C46EEBF0-1113-3B41-95C7-68CDFE6B2DC6} = {C46EEBF0-1113-3B41-95C7-68CDFE6B2DC6}
	EndProjectSection
EndProject
Project("{8BC9CEB8-8B4A-11D0-8D11-00A0C91BC942}") = "INSTALL", "INSTALL.vcxproj", "{834959E0-1164-3674-9B83-D4589AF3B451}"
	ProjectSection(ProjectDependencies) = postProject
		{AF8529B7-D0F8-31C6-B0EA-C009A8ADDE13} = {AF8529B7-D0F8-31C6-B0EA-C009A8ADDE13}
		{C46EEBF0-1113-3B41-95C7-68CDFE6B2DC6} = {C46EEBF0-1113-3B41-95C7-68CDFE6B2DC6}
	EndProjectSection
EndProject
Project("{8BC9CEB8-8B4A-11D0-8D11-00A0C91BC942}") = "SolarLib", "SolarLib\SolarLib.vcxproj", "{BB080AB3-316A-332B-9017-AECFBAD7A0DE}"
	ProjectSection(ProjectDependencies) = postProject
		{C46EEBF0-1113-3B41-95C7-68CDFE6B2DC6} = {C46EEBF0-1113-3B41-95C7-68CDFE6B2DC6}
	EndProjectSection
EndProject
Project("{8BC9CEB8-8B4A-11D0-8D11-00A0C91BC942}") = "ZERO_CHECK", "ZERO_CHECK.vcxproj", "{C46EEBF0-1113-3B41-95C7-68CDFE6B2DC6}"
	ProjectSection(ProjectDependencies) = postProject
	EndProjectSection
EndProject
Global
	GlobalSection(SolutionConfigurationPlatforms) = preSolution
		Debug|Win32 = Debug|Win32
		Release|Win32 = Release|Win32
		RelWithDebInfo|Win32 = RelWithDebInfo|Win32
	EndGlobalSection
	GlobalSection(ProjectConfigurationPlatforms) = postSolution
		{AF8529B7-D0F8-31C6-B0EA-C009A8ADDE13}.Debug|Win32.ActiveCfg = Debug|Win32
		{AF8529B7-D0F8-31C6-B0EA-C009A8ADDE13}.Debug|Win32.Build.0 = Debug|Win32
		{AF8529B7-D0F8-31C6-B0EA-C009A8ADDE13}.Release|Win32.ActiveCfg = Release|Win32
		{AF8529B7-D0F8-31C6-B0EA-C009A8ADDE13}.Release|Win32.Build.0 = Release|Win32
		{AF8529B7-D0F8-31C6-B0EA-C009A8ADDE13}.RelWithDebInfo|Win32.ActiveCfg = RelWithDebInfo|Win32
		{AF8529B7-D0F8-31C6-B0EA-C009A8ADDE13}.RelWithDebInfo|Win32.Build.0 = RelWithDebInfo|Win32
		{28B912A3-7C5F-3DB5-BB17-03FC19C34003}.Debug|Win32.ActiveCfg = Debug|Win32
		{28B912A3-7C5F-3DB5-BB17-03FC19C34003}.Debug|Win32.Build.0 = Debug|Win32
		{28B912A3-7C5F-3DB5-BB17-03FC19C34003}.Release|Win32.ActiveCfg = Release|Win32
		{28B912A3-7C5F-3DB5-BB17-03FC19C34003}.Release|Win32.Build.0 = Release|Win32
		{28B912A3-7C5F-3DB5-BB17-03FC19C34003}.RelWithDebInfo|Win32.ActiveCfg = RelWithDebInfo|Win32
		{28B912A3-7C5F-3DB5-BB17-03FC19C34003}.RelWithDebInfo|Win32.Build.0 = RelWithDebInfo|Win32
		{834959E0-1164-3674-9B83-D4589AF3B451}.Debug|Win32.ActiveCfg = Debug|Win32
		{834959E0-1164-3674-9B83-D4589AF3B451}.Release|Win32.ActiveCfg = Release|Win32
		{834959E0-1164-3674-9B83-D4589AF3B451}.RelWithDebInfo|Win32.ActiveCfg = RelWithDebInfo|Win32
		{BB080AB3-316A-332B-9017-AECFBAD7A0DE}.Debug|Win32.ActiveCfg = Debug|Win32
		{BB080AB3-316A-332B-9017-AECFBAD7A0DE}.Debug|Win32.Build.0 = Debug|Win32
		{BB080AB3-316A-332B-9017-AECFBAD7A0DE}.Release|Win32.ActiveCfg = Release|Win32
		{BB080AB3-316A-332B-9017-AECFBAD7A0DE}.Release|Win32.Build.0 = Release|Win32
		{BB080AB3-316A-332B-9017-AECFBAD7A0DE}.RelWithDebInfo|Win32.ActiveCfg = RelWithDebInfo|Win32
		{BB080AB3-316A-332B-9017-AECFBAD7A0DE}.RelWithDebInfo|Win32.Build.0 = RelWithDebInfo|Win32
		{C46EEBF0-1113-3B41-95C7-68CDFE6B2DC6}.Debug|Win32.ActiveCfg = Debug|Win32
		{C46EEBF0-1113-3B41-95C7-68CDFE6B2DC6}.Debug|Win32.Build.0 = Debug|Win32
		{C46EEBF0-1113-3B41-95C7-68CDFE6B2DC6}.Release|Win32.ActiveCfg = Release|Win32
		{C46EEBF0-1113-3B41-95C7-68CDFE6B2DC6}.Release|Win32.Build.0 = Release|Win32
		{C46EEBF0-1113-3B41-95C7-68CDFE6B2DC6}.RelWithDebInfo|Win32.ActiveCfg = RelWithDebInfo|Win32
		{C46EEBF0-1113-3B41-95C7-68CDFE6B2DC6}.RelWithDebInfo|Win32.Build.0 = RelWithDebInfo|Win32
	EndGlobalSection
	GlobalSection(ExtensibilityGlobals) = postSolution
		SolutionGuid = {5F3CF445-DED6-32DC-AF2A-2B3B11E25A28}
	EndGlobalSection
	GlobalSection(ExtensibilityAddIns) = postSolution
	EndGlobalSection
EndGlobal
