<?xml version="1.0" encoding="utf-8"?>
<Project ToolsVersion="15.0" xmlns="http://schemas.microsoft.com/developer/msbuild/2003">
  <ItemGroup>
    <CustomBuild Include="D:\Solar\SolarSMS\ALL_BUILD\CMakeFiles\94aebee8b6cfb52426aefd6fc1bb5c37\generate.stamp.rule">
      <Filter>CMake Rules</Filter>
    </CustomBuild>
  </ItemGroup>
  <ItemGroup>
    <Filter Include="CMake Rules">
      <UniqueIdentifier>{8B2420C1-4188-3926-B90A-36DB4905B47E}</UniqueIdentifier>
    </Filter>
  </ItemGroup>
</Project>
