<?xml version="1.0" encoding="utf-8"?>
<Project ToolsVersion="15.0" xmlns="http://schemas.microsoft.com/developer/msbuild/2003">
  <ItemGroup>
    <ClCompile Include="D:\Solar\SolarSMS\SolarLib\SolarLib.cpp">
      <Filter>Source Files</Filter>
    </ClCompile>
    <ClCompile Include="D:\Solar\SolarSMS\SolarLib\Serial.cpp">
      <Filter>Source Files</Filter>
    </ClCompile>
  </ItemGroup>
  <ItemGroup>
    <ClInclude Include="D:\Solar\SolarSMS\SolarLib\SolarLib.h">
      <Filter>Header Files</Filter>
    </ClInclude>
    <ClInclude Include="D:\Solar\SolarSMS\SolarLib\serial.h">
      <Filter>Header Files</Filter>
    </ClInclude>
    <ClInclude Include="D:\Solar\SolarSMS\SolarLib\DataSolar.h">
      <Filter>Header Files</Filter>
    </ClInclude>
    <ClInclude Include="D:\Solar\SolarSMS\SolarLib\debug.h">
      <Filter>Header Files</Filter>
    </ClInclude>
  </ItemGroup>
  <ItemGroup>
    <CustomBuild Include="D:\Solar\SolarSMS\SolarLib\CmakeLists.txt" />
  </ItemGroup>
  <ItemGroup>
    <Filter Include="Header Files">
      <UniqueIdentifier>{48A6DA6B-6C50-3201-9A26-51C08ECAA7EF}</UniqueIdentifier>
    </Filter>
    <Filter Include="Source Files">
      <UniqueIdentifier>{25E5FC9F-E3ED-3966-8AF9-C46C71152160}</UniqueIdentifier>
    </Filter>
  </ItemGroup>
</Project>
